
Microsoft Visual Studio Solution File, Format Version 12.00
# Visual Studio 15
VisualStudioVersion = 15.0.27130.0
MinimumVisualStudioVersion = 10.0.40219.1
Project("{2150E333-8FDC-42A3-9474-1A3956D46DE8}") = "Doc", "Doc", "{76248AF8-2153-4AC3-A013-C403352FAF43}"
	ProjectSection(SolutionItems) = preProject
		apexsharpLogo.jpg = apexsharpLogo.jpg
		ConvertRules.md = ConvertRules.md
		README.md = README.md
	EndProjectSection
EndProject
Project("{9A19103F-16F7-4668-BE54-9A1E7A4F7556}") = "ApexSharpApi", "ApexSharpApi\ApexSharpApi.csproj", "{251906F7-C47A-43A6-B7B7-AA9ABDD7CAB8}"
EndProject
Project("{9A19103F-16F7-4668-BE54-9A1E7A4F7556}") = "Apex", "Apex\Apex.csproj", "{E89B11BB-588D-4551-9334-03E0C5B7AFDA}"
EndProject
Project("{9A19103F-16F7-4668-BE54-9A1E7A4F7556}") = "SF", "SF\SF.csproj", "{72A6D44C-62C7-48BD-A362-F22F202BD60D}"
EndProject
Project("{9A19103F-16F7-4668-BE54-9A1E7A4F7556}") = "Demo", "Demo\Demo.csproj", "{67182113-DB10-4706-B14B-7DF870BF2015}"
EndProject
Project("{9A19103F-16F7-4668-BE54-9A1E7A4F7556}") = "JaysWork", "JaysWork\JaysWork.csproj", "{40944DC3-311F-4BA0-931E-7E5D1D1F1FA5}"
EndProject
Global
	GlobalSection(SolutionConfigurationPlatforms) = preSolution
		Debug|Any CPU = Debug|Any CPU
		Release|Any CPU = Release|Any CPU
	EndGlobalSection
	GlobalSection(ProjectConfigurationPlatforms) = postSolution
		{251906F7-C47A-43A6-B7B7-AA9ABDD7CAB8}.Debug|Any CPU.ActiveCfg = Debug|Any CPU
		{251906F7-C47A-43A6-B7B7-AA9ABDD7CAB8}.Debug|Any CPU.Build.0 = Debug|Any CPU
		{251906F7-C47A-43A6-B7B7-AA9ABDD7CAB8}.Release|Any CPU.ActiveCfg = Release|Any CPU
		{251906F7-C47A-43A6-B7B7-AA9ABDD7CAB8}.Release|Any CPU.Build.0 = Release|Any CPU
		{E89B11BB-588D-4551-9334-03E0C5B7AFDA}.Debug|Any CPU.ActiveCfg = Debug|Any CPU
		{E89B11BB-588D-4551-9334-03E0C5B7AFDA}.Debug|Any CPU.Build.0 = Debug|Any CPU
		{E89B11BB-588D-4551-9334-03E0C5B7AFDA}.Release|Any CPU.ActiveCfg = Release|Any CPU
		{E89B11BB-588D-4551-9334-03E0C5B7AFDA}.Release|Any CPU.Build.0 = Release|Any CPU
		{72A6D44C-62C7-48BD-A362-F22F202BD60D}.Debug|Any CPU.ActiveCfg = Debug|Any CPU
		{72A6D44C-62C7-48BD-A362-F22F202BD60D}.Debug|Any CPU.Build.0 = Debug|Any CPU
		{72A6D44C-62C7-48BD-A362-F22F202BD60D}.Release|Any CPU.ActiveCfg = Release|Any CPU
		{72A6D44C-62C7-48BD-A362-F22F202BD60D}.Release|Any CPU.Build.0 = Release|Any CPU
		{67182113-DB10-4706-B14B-7DF870BF2015}.Debug|Any CPU.ActiveCfg = Debug|Any CPU
		{67182113-DB10-4706-B14B-7DF870BF2015}.Debug|Any CPU.Build.0 = Debug|Any CPU
		{67182113-DB10-4706-B14B-7DF870BF2015}.Release|Any CPU.ActiveCfg = Release|Any CPU
		{67182113-DB10-4706-B14B-7DF870BF2015}.Release|Any CPU.Build.0 = Release|Any CPU
		{40944DC3-311F-4BA0-931E-7E5D1D1F1FA5}.Debug|Any CPU.ActiveCfg = Debug|Any CPU
		{40944DC3-311F-4BA0-931E-7E5D1D1F1FA5}.Release|Any CPU.ActiveCfg = Release|Any CPU
		{40944DC3-311F-4BA0-931E-7E5D1D1F1FA5}.Release|Any CPU.Build.0 = Release|Any CPU
	EndGlobalSection
	GlobalSection(SolutionProperties) = preSolution
		HideSolutionNode = FALSE
	EndGlobalSection
	GlobalSection(ExtensibilityGlobals) = postSolution
		SolutionGuid = {AD1A452B-CD6E-44FF-A14F-1238ADF608FB}
	EndGlobalSection
EndGlobal
