
Microsoft Visual Studio Solution File, Format Version 12.00
# Visual Studio 15
VisualStudioVersion = 15.0.26730.15
MinimumVisualStudioVersion = 10.0.40219.1
Project("{FAE04EC0-301F-11D3-BF4B-00C04F79EFBC}") = "Apex", "Apex\Apex.csproj", "{269B0981-154B-4DDE-9B0A-18685C38BD9B}"
EndProject
Project("{FAE04EC0-301F-11D3-BF4B-00C04F79EFBC}") = "SalesForceAPI", "SalesForceAPI\SalesForceAPI.csproj", "{A13785DB-05BB-4842-957D-56D5B251D608}"
EndProject
Project("{FAE04EC0-301F-11D3-BF4B-00C04F79EFBC}") = "ApexSharpDemo", "ApexSharpDemo\ApexSharpDemo.csproj", "{B66B3389-06C9-4973-BEAD-7569F620BE36}"
EndProject
Project("{FAE04EC0-301F-11D3-BF4B-00C04F79EFBC}") = "ApexTest", "ApexTest\ApexTest.csproj", "{4E839445-F283-4288-8E2E-6699B40EC2A9}"
EndProject
Project("{2150E333-8FDC-42A3-9474-1A3956D46DE8}") = "Doc", "Doc", "{76248AF8-2153-4AC3-A013-C403352FAF43}"
	ProjectSection(SolutionItems) = preProject
		apexsharpLogo.jpg = apexsharpLogo.jpg
		README.md = README.md
	EndProjectSection
EndProject
Project("{9A19103F-16F7-4668-BE54-9A1E7A4F7556}") = "ApexParser", "ApexParser\ApexParser.csproj", "{9402B41A-5143-4345-84FC-1E18674E4D87}"
EndProject
Project("{FAE04EC0-301F-11D3-BF4B-00C04F79EFBC}") = "ApexParserTest", "ApexParserTest\ApexParserTest.csproj", "{CF5E395C-086F-4D21-B2B2-7595E348A557}"
EndProject
Project("{2150E333-8FDC-42A3-9474-1A3956D46DE8}") = "Solution Items", "Solution Items", "{3593D027-EDA2-4C54-BCAF-0E59687E167D}"
	ProjectSection(SolutionItems) = preProject
		PrivateDemo\empty.txt = PrivateDemo\empty.txt
	EndProjectSection
EndProject
Project("{FAE04EC0-301F-11D3-BF4B-00C04F79EFBC}") = "Playground", "Playground\Playground.csproj", "{B151F261-9868-49EA-844E-5F3FB11E6D73}"
EndProject
Global
	GlobalSection(SolutionConfigurationPlatforms) = preSolution
		Debug|Any CPU = Debug|Any CPU
		Release|Any CPU = Release|Any CPU
	EndGlobalSection
	GlobalSection(ProjectConfigurationPlatforms) = postSolution
		{269B0981-154B-4DDE-9B0A-18685C38BD9B}.Debug|Any CPU.ActiveCfg = Debug|Any CPU
		{269B0981-154B-4DDE-9B0A-18685C38BD9B}.Debug|Any CPU.Build.0 = Debug|Any CPU
		{269B0981-154B-4DDE-9B0A-18685C38BD9B}.Release|Any CPU.ActiveCfg = Release|Any CPU
		{269B0981-154B-4DDE-9B0A-18685C38BD9B}.Release|Any CPU.Build.0 = Release|Any CPU
		{A13785DB-05BB-4842-957D-56D5B251D608}.Debug|Any CPU.ActiveCfg = Debug|Any CPU
		{A13785DB-05BB-4842-957D-56D5B251D608}.Debug|Any CPU.Build.0 = Debug|Any CPU
		{A13785DB-05BB-4842-957D-56D5B251D608}.Release|Any CPU.ActiveCfg = Release|Any CPU
		{A13785DB-05BB-4842-957D-56D5B251D608}.Release|Any CPU.Build.0 = Release|Any CPU
		{B66B3389-06C9-4973-BEAD-7569F620BE36}.Debug|Any CPU.ActiveCfg = Debug|Any CPU
		{B66B3389-06C9-4973-BEAD-7569F620BE36}.Debug|Any CPU.Build.0 = Debug|Any CPU
		{B66B3389-06C9-4973-BEAD-7569F620BE36}.Release|Any CPU.ActiveCfg = Release|Any CPU
		{B66B3389-06C9-4973-BEAD-7569F620BE36}.Release|Any CPU.Build.0 = Release|Any CPU
		{4E839445-F283-4288-8E2E-6699B40EC2A9}.Debug|Any CPU.ActiveCfg = Debug|Any CPU
		{4E839445-F283-4288-8E2E-6699B40EC2A9}.Debug|Any CPU.Build.0 = Debug|Any CPU
		{4E839445-F283-4288-8E2E-6699B40EC2A9}.Release|Any CPU.ActiveCfg = Release|Any CPU
		{4E839445-F283-4288-8E2E-6699B40EC2A9}.Release|Any CPU.Build.0 = Release|Any CPU
		{9402B41A-5143-4345-84FC-1E18674E4D87}.Debug|Any CPU.ActiveCfg = Debug|Any CPU
		{9402B41A-5143-4345-84FC-1E18674E4D87}.Debug|Any CPU.Build.0 = Debug|Any CPU
		{9402B41A-5143-4345-84FC-1E18674E4D87}.Release|Any CPU.ActiveCfg = Release|Any CPU
		{9402B41A-5143-4345-84FC-1E18674E4D87}.Release|Any CPU.Build.0 = Release|Any CPU
		{CF5E395C-086F-4D21-B2B2-7595E348A557}.Debug|Any CPU.ActiveCfg = Debug|Any CPU
		{CF5E395C-086F-4D21-B2B2-7595E348A557}.Debug|Any CPU.Build.0 = Debug|Any CPU
		{CF5E395C-086F-4D21-B2B2-7595E348A557}.Release|Any CPU.ActiveCfg = Release|Any CPU
		{CF5E395C-086F-4D21-B2B2-7595E348A557}.Release|Any CPU.Build.0 = Release|Any CPU
		{B151F261-9868-49EA-844E-5F3FB11E6D73}.Debug|Any CPU.ActiveCfg = Debug|Any CPU
		{B151F261-9868-49EA-844E-5F3FB11E6D73}.Debug|Any CPU.Build.0 = Debug|Any CPU
		{B151F261-9868-49EA-844E-5F3FB11E6D73}.Release|Any CPU.ActiveCfg = Release|Any CPU
		{B151F261-9868-49EA-844E-5F3FB11E6D73}.Release|Any CPU.Build.0 = Release|Any CPU
	EndGlobalSection
	GlobalSection(SolutionProperties) = preSolution
		HideSolutionNode = FALSE
	EndGlobalSection
	GlobalSection(ExtensibilityGlobals) = postSolution
		SolutionGuid = {AD1A452B-CD6E-44FF-A14F-1238ADF608FB}
	EndGlobalSection
EndGlobal
